<?xml version="1.0" encoding="utf-8"?>
<Project ToolsVersion="4.0" xmlns="http://schemas.microsoft.com/developer/msbuild/2003">
  <ItemGroup>
    <ClCompile Include="Main.cpp" />
    <ClCompile Include="Program.cpp" />
    <ClCompile Include="stdafx.cpp" />
    <ClCompile Include="Systems\Input.cpp">
      <Filter>Systems</Filter>
    </ClCompile>
    <ClCompile Include="Systems\Time.cpp">
      <Filter>Systems</Filter>
    </ClCompile>
    <ClCompile Include="Systems\Window.cpp">
      <Filter>Systems</Filter>
    </ClCompile>
    <ClCompile Include="Systems\Graphics.cpp">
      <Filter>Systems</Filter>
    </ClCompile>
    <ClCompile Include="Renders\Resources\VertexType.cpp">
      <Filter>Renders\Resources</Filter>
    </ClCompile>
    <ClCompile Include="Renders\IA\VertexBuffer.cpp">
      <Filter>Renders\IA</Filter>
    </ClCompile>
    <ClCompile Include="Renders\Shaders\IShader.cpp">
      <Filter>Renders\Shaders</Filter>
    </ClCompile>
    <ClCompile Include="Renders\Shaders\VertexShader.cpp">
      <Filter>Renders\Shaders</Filter>
    </ClCompile>
    <ClCompile Include="Renders\IA\IndexBuffer.cpp">
      <Filter>Renders\IA</Filter>
    </ClCompile>
    <ClCompile Include="Renders\Shaders\PixelShader.cpp">
      <Filter>Renders\Shaders</Filter>
    </ClCompile>
    <ClCompile Include="Objects\ColorRect.cpp">
      <Filter>Objects</Filter>
    </ClCompile>
    <ClCompile Include="Objects\Object.cpp">
      <Filter>Objects</Filter>
    </ClCompile>
    <ClCompile Include="Renders\IA\InputLayout.cpp">
      <Filter>Renders\IA</Filter>
    </ClCompile>
    <ClCompile Include="Objects\Drawable.cpp">
      <Filter>Objects</Filter>
    </ClCompile>
    <ClCompile Include="Component\ColorComponent.cpp">
      <Filter>Components</Filter>
    </ClCompile>
    <ClCompile Include="Component\WorldComponent.cpp">
      <Filter>Components</Filter>
    </ClCompile>
    <ClCompile Include="Objects\Line.cpp">
      <Filter>Objects</Filter>
    </ClCompile>
    <ClCompile Include="Objects\Circle.cpp">
      <Filter>Objects</Filter>
    </ClCompile>
    <ClCompile Include="Objects\FilledCircle.cpp">
      <Filter>Objects</Filter>
    </ClCompile>
    <ClCompile Include="Scenes\Scene1_Geometry.cpp">
      <Filter>Scenes</Filter>
    </ClCompile>
    <ClCompile Include="Scenes\Scene2_Clock.cpp">
      <Filter>Scenes</Filter>
    </ClCompile>
    <ClCompile Include="Scenes\Scene3_Collision.cpp">
      <Filter>Scenes</Filter>
    </ClCompile>
    <ClCompile Include="Utilities\Collision.cpp">
      <Filter>Utilities</Filter>
    </ClCompile>
    <ClCompile Include="Component\ColliderComponent.cpp">
      <Filter>Components</Filter>
    </ClCompile>
    <ClCompile Include="Objects\TextureRect.cpp">
      <Filter>Objects</Filter>
    </ClCompile>
    <ClCompile Include="Component\TextureComponent.cpp">
      <Filter>Components</Filter>
    </ClCompile>
    <ClCompile Include="Scenes\Scene4_Texture.cpp">
      <Filter>Scenes</Filter>
    </ClCompile>
    <ClCompile Include="Utilities\RenderTexture.cpp">
      <Filter>Utilities</Filter>
    </ClCompile>
    <ClCompile Include="Scenes\Scene5_TextureInverse.cpp">
      <Filter>Scenes</Filter>
    </ClCompile>
    <ClCompile Include="Component\SelectionComponent.cpp">
      <Filter>Components</Filter>
    </ClCompile>
    <ClCompile Include="Scenes\Scene6_TextureEffect.cpp">
      <Filter>Scenes</Filter>
    </ClCompile>
    <ClCompile Include="Utilities\String.cpp">
      <Filter>Utilities</Filter>
    </ClCompile>
    <ClCompile Include="Systems\Gui.cpp">
      <Filter>Systems</Filter>
    </ClCompile>
    <ClCompile Include="Utilities\Path.cpp">
      <Filter>Utilities</Filter>
    </ClCompile>
    <ClCompile Include="Scenes\Scene7_ImGui.cpp">
      <Filter>Scenes</Filter>
    </ClCompile>
    <ClCompile Include="Systems\Sound.cpp" />
    <ClCompile Include="Scenes\Scene8_Sound.cpp">
      <Filter>Scenes</Filter>
    </ClCompile>
    <ClCompile Include="Utilities\Animator.cpp" />
    <ClCompile Include="Objects\AnimationRect.cpp" />
    <ClCompile Include="Scenes\Scene9_Animation.cpp">
      <Filter>Scenes</Filter>
    </ClCompile>
  </ItemGroup>
  <ItemGroup>
    <ClInclude Include="Program.h" />
    <ClInclude Include="stdafx.h" />
    <ClInclude Include="targetver.h" />
    <ClInclude Include="Systems\Input.h">
      <Filter>Systems</Filter>
    </ClInclude>
    <ClInclude Include="Systems\Time.h">
      <Filter>Systems</Filter>
    </ClInclude>
    <ClInclude Include="Systems\Window.h">
      <Filter>Systems</Filter>
    </ClInclude>
    <ClInclude Include="Systems\Graphics.h">
      <Filter>Systems</Filter>
    </ClInclude>
    <ClInclude Include="Renders\Resources\VertexType.h">
      <Filter>Renders\Resources</Filter>
    </ClInclude>
    <ClInclude Include="Renders\IA\VertexBuffer.h">
      <Filter>Renders\IA</Filter>
    </ClInclude>
    <ClInclude Include="Renders\Shaders\VertexShader.h">
      <Filter>Renders\Shaders</Filter>
    </ClInclude>
    <ClInclude Include="Renders\Shaders\IShader.h">
      <Filter>Renders\Shaders</Filter>
    </ClInclude>
    <ClInclude Include="Renders\IA\IndexBuffer.h">
      <Filter>Renders\IA</Filter>
    </ClInclude>
    <ClInclude Include="Renders\Resources\ConstantBuffer.h">
      <Filter>Renders\Resources</Filter>
    </ClInclude>
    <ClInclude Include="Renders\Shaders\PixelShader.h">
      <Filter>Renders\Shaders</Filter>
    </ClInclude>
    <ClInclude Include="Objects\ColorRect.h">
      <Filter>Objects</Filter>
    </ClInclude>
    <ClInclude Include="Objects\Object.h">
      <Filter>Objects</Filter>
    </ClInclude>
    <ClInclude Include="Component\Component.h">
      <Filter>Components</Filter>
    </ClInclude>
    <ClInclude Include="Renders\Resources\GlobalBuffers.h">
      <Filter>Renders\Resources</Filter>
    </ClInclude>
    <ClInclude Include="Renders\IA\InputLayout.h">
      <Filter>Renders\IA</Filter>
    </ClInclude>
    <ClInclude Include="Objects\Drawable.h">
      <Filter>Objects</Filter>
    </ClInclude>
    <ClInclude Include="Component\ColorComponent.h">
      <Filter>Components</Filter>
    </ClInclude>
    <ClInclude Include="Component\WorldComponent.h">
      <Filter>Components</Filter>
    </ClInclude>
    <ClInclude Include="Objects\Line.h">
      <Filter>Objects</Filter>
    </ClInclude>
    <ClInclude Include="Objects\Circle.h">
      <Filter>Objects</Filter>
    </ClInclude>
    <ClInclude Include="Objects\FilledCircle.h">
      <Filter>Objects</Filter>
    </ClInclude>
    <ClInclude Include="Scenes\Scene.h">
      <Filter>Scenes</Filter>
    </ClInclude>
    <ClInclude Include="Scenes\Scene1_Geometry.h">
      <Filter>Scenes</Filter>
    </ClInclude>
    <ClInclude Include="Scenes\SceneList.h">
      <Filter>Scenes</Filter>
    </ClInclude>
    <ClInclude Include="Scenes\Scene2_Clock.h">
      <Filter>Scenes</Filter>
    </ClInclude>
    <ClInclude Include="Scenes\Scene3_Collision.h">
      <Filter>Scenes</Filter>
    </ClInclude>
    <ClInclude Include="Utilities\Collision.h">
      <Filter>Utilities</Filter>
    </ClInclude>
    <ClInclude Include="Component\ColliderComponent.h">
      <Filter>Components</Filter>
    </ClInclude>
    <ClInclude Include="Objects\TextureRect.h">
      <Filter>Objects</Filter>
    </ClInclude>
    <ClInclude Include="Component\TextureComponent.h">
      <Filter>Components</Filter>
    </ClInclude>
    <ClInclude Include="Scenes\Scene4_Texture.h">
      <Filter>Scenes</Filter>
    </ClInclude>
    <ClInclude Include="Utilities\RenderTexture.h">
      <Filter>Utilities</Filter>
    </ClInclude>
    <ClInclude Include="Scenes\Scene5_TextureInverse.h">
      <Filter>Scenes</Filter>
    </ClInclude>
    <ClInclude Include="Component\SelectionComponent.h">
      <Filter>Components</Filter>
    </ClInclude>
    <ClInclude Include="Scenes\Scene6_TextureEffect.h">
      <Filter>Scenes</Filter>
    </ClInclude>
    <ClInclude Include="Utilities\String.h">
      <Filter>Utilities</Filter>
    </ClInclude>
    <ClInclude Include="Systems\Gui.h">
      <Filter>Systems</Filter>
    </ClInclude>
    <ClInclude Include="Utilities\Path.h">
      <Filter>Utilities</Filter>
    </ClInclude>
    <ClInclude Include="Scenes\Scene7_ImGui.h">
      <Filter>Scenes</Filter>
    </ClInclude>
    <ClInclude Include="Systems\Sound.h" />
    <ClInclude Include="Scenes\Scene8_Sound.h">
      <Filter>Scenes</Filter>
    </ClInclude>
    <ClInclude Include="Utilities\Animator.h" />
    <ClInclude Include="Objects\AnimationRect.h" />
    <ClInclude Include="Scenes\Scene9_Animation.h">
      <Filter>Scenes</Filter>
    </ClInclude>
  </ItemGroup>
  <ItemGroup>
    <Filter Include="Systems">
      <UniqueIdentifier>{0584c821-0c85-4703-bd2a-2b424e1efffa}</UniqueIdentifier>
    </Filter>
    <Filter Include="Renders">
      <UniqueIdentifier>{aaed8eb1-df7c-4f80-8e68-24ec1db21147}</UniqueIdentifier>
    </Filter>
    <Filter Include="Renders\Resources">
      <UniqueIdentifier>{4b4214d4-95e4-4a98-b7f2-82f468054df8}</UniqueIdentifier>
    </Filter>
    <Filter Include="Renders\IA">
      <UniqueIdentifier>{63e37ecd-ea6e-4677-b662-262e1388616b}</UniqueIdentifier>
    </Filter>
    <Filter Include="Renders\Shaders">
      <UniqueIdentifier>{25c13789-792e-4355-904f-46ed68695424}</UniqueIdentifier>
    </Filter>
    <Filter Include="Objects">
      <UniqueIdentifier>{d937b527-3072-4a6b-8467-8ac4a540c7fc}</UniqueIdentifier>
    </Filter>
    <Filter Include="Components">
      <UniqueIdentifier>{fd228ace-77a1-4dfd-911b-bc4b2e38d014}</UniqueIdentifier>
    </Filter>
    <Filter Include="Scenes">
      <UniqueIdentifier>{174f0315-c142-43ae-8f03-77b8383e1cc5}</UniqueIdentifier>
    </Filter>
    <Filter Include="Utilities">
      <UniqueIdentifier>{de538316-603b-4634-b073-a97104a2dbb0}</UniqueIdentifier>
    </Filter>
  </ItemGroup>
</Project>